
Microsoft Visual Studio Solution File, Format Version 12.00
# Visual Studio Version 17
VisualStudioVersion = 17.5.33414.496
MinimumVisualStudioVersion = 10.0.40219.1
Project("{9A19103F-16F7-4668-BE54-9A1E7A4F7556}") = "Webshop", "ASPNetCore_EF_Webshop\Webshop.csproj", "{3F355BB0-48CB-417F-854D-CADF685EF93A}"
EndProject
Global
	GlobalSection(SolutionConfigurationPlatforms) = preSolution
		Debug|Any CPU = Debug|Any CPU
		Release|Any CPU = Release|Any CPU
	EndGlobalSection
	GlobalSection(ProjectConfigurationPlatforms) = postSolution
		{3F355BB0-48CB-417F-854D-CADF685EF93A}.Debug|Any CPU.ActiveCfg = Debug|Any CPU
		{3F355BB0-48CB-417F-854D-CADF685EF93A}.Debug|Any CPU.Build.0 = Debug|Any CPU
		{3F355BB0-48CB-417F-854D-CADF685EF93A}.Release|Any CPU.ActiveCfg = Release|Any CPU
		{3F355BB0-48CB-417F-854D-CADF685EF93A}.Release|Any CPU.Build.0 = Release|Any CPU
	EndGlobalSection
	GlobalSection(SolutionProperties) = preSolution
		HideSolutionNode = FALSE
	EndGlobalSection
	GlobalSection(ExtensibilityGlobals) = postSolution
		SolutionGuid = {6ED709CE-C72D-440B-9C62-D482EA976F1C}
	EndGlobalSection
EndGlobal
